{
  "originHash" : "158b23cdb5bbc08b8018743ac5c1cc307c2e2fbed3bc9c319a1cacdebfc2c832",
  "pins" : [
    {
      "identity" : "astral",
      "kind" : "remoteSourceControl",
      "location" : "https://github.com/xiangyu-sun/Astral.git",
      "state" : {
        "revision" : "e9d873f744021db6f69a06877562ee0ed1091360",
        "version" : "1.2.0"
      }
    },
    {
      "identity" : "chineseastrologycalendar",
      "kind" : "remoteSourceControl",
      "location" : "https://github.com/xiangyu-sun/ChineseAstrologyCalendar",
      "state" : {
        "revision" : "97c6075f92d3e2476fc473bdd9b0926c22b4b72c",
        "version" : "3.2.0"
      }
    },
    {
      "identity" : "swift",
      "kind" : "remoteSourceControl",
      "location" : "https://github.com/airbnb/swift",
      "state" : {
        "revision" : "6c09dd57c2254b14bb48c15e209ed6e93058104f",
        "version" : "1.2.0"
      }
    },
    {
      "identity" : "swift-argument-parser",
      "kind" : "remoteSourceControl",
      "location" : "https://github.com/apple/swift-argument-parser",
      "state" : {
        "revision" : "6a52f3251125d74daf04fcbd5e6f08a75d074382",
        "version" : "1.8.2"
      }
    },
    {
      "identity" : "swift-numerics",
      "kind" : "remoteSourceControl",
      "location" : "https://github.com/apple/swift-numerics",
      "state" : {
        "revision" : "0c0290ff6b24942dadb83a929ffaaa1481df04a2",
        "version" : "1.1.1"
      }
    }
  ],
  "version" : 3
}
